// !$*UTF8*$!
{
	archiveVersion = 1;
	classes = {
	};
	objectVersion = 46;
	objects = {

/* Begin PBXBuildFile section */
		0E2E17F16F314B9D59FB20BD /* Pods_Memespeare.framework in Frameworks */ = {isa = PBXBuildFile; fileRef = 1F5E210A9352A9B34A4DD07C /* Pods_Memespeare.framework */; };
		1A3B4C551D1EE37300170DA7 /* Main.storyboard in Resources */ = {isa = PBXBuildFile; fileRef = 1A3B4C541D1EE37300170DA7 /* Main.storyboard */; };
		1A4B4A1C1D2824A50034DD2D /* Cast.swift in Sources */ = {isa = PBXBuildFile; fileRef = 1A4B4A1B1D2824A50034DD2D /* Cast.swift */; };
		1A4B4A1E1D2828060034DD2D /* CastMember.swift in Sources */ = {isa = PBXBuildFile; fileRef = 1A4B4A1D1D2828060034DD2D /* CastMember.swift */; };
		1A5376201D3A96300036A891 /* SwipePlayViewController.swift in Sources */ = {isa = PBXBuildFile; fileRef = 1A53761F1D3A96300036A891 /* SwipePlayViewController.swift */; };
		1A5376221D3AB7350036A891 /* PlayLine.swift in Sources */ = {isa = PBXBuildFile; fileRef = 1A5376211D3AB7350036A891 /* PlayLine.swift */; };
		1A5376241D3AB8560036A891 /* LoadPlayTextController.swift in Sources */ = {isa = PBXBuildFile; fileRef = 1A5376231D3AB8560036A891 /* LoadPlayTextController.swift */; };
		1A8089F71C5AC0B600ED9D7A /* AppDelegate.swift in Sources */ = {isa = PBXBuildFile; fileRef = 1A8089F61C5AC0B600ED9D7A /* AppDelegate.swift */; };
		1A8089F91C5AC0B600ED9D7A /* ViewController.swift in Sources */ = {isa = PBXBuildFile; fileRef = 1A8089F81C5AC0B600ED9D7A /* ViewController.swift */; };
		1A8089FE1C5AC0B700ED9D7A /* Assets.xcassets in Resources */ = {isa = PBXBuildFile; fileRef = 1A8089FD1C5AC0B700ED9D7A /* Assets.xcassets */; };
		1A808A011C5AC0B700ED9D7A /* LaunchScreen.storyboard in Resources */ = {isa = PBXBuildFile; fileRef = 1A8089FF1C5AC0B700ED9D7A /* LaunchScreen.storyboard */; };
		1AB92D831C6968E500F02C37 /* ImgFlipController.swift in Sources */ = {isa = PBXBuildFile; fileRef = 1AB92D821C6968E500F02C37 /* ImgFlipController.swift */; };
/* End PBXBuildFile section */

/* Begin PBXFileReference section */
		1A3B4C541D1EE37300170DA7 /* Main.storyboard */ = {isa = PBXFileReference; fileEncoding = 4; lastKnownFileType = file.storyboard; path = Main.storyboard; sourceTree = "<group>"; };
		1A4B4A1B1D2824A50034DD2D /* Cast.swift */ = {isa = PBXFileReference; fileEncoding = 4; lastKnownFileType = sourcecode.swift; name = Cast.swift; path = Models/Cast.swift; sourceTree = "<group>"; };
		1A4B4A1D1D2828060034DD2D /* CastMember.swift */ = {isa = PBXFileReference; fileEncoding = 4; lastKnownFileType = sourcecode.swift; name = CastMember.swift; path = Models/CastMember.swift; sourceTree = "<group>"; };
		1A53761F1D3A96300036A891 /* SwipePlayViewController.swift */ = {isa = PBXFileReference; fileEncoding = 4; lastKnownFileType = sourcecode.swift; path = SwipePlayViewController.swift; sourceTree = "<group>"; };
		1A5376211D3AB7350036A891 /* PlayLine.swift */ = {isa = PBXFileReference; fileEncoding = 4; lastKnownFileType = sourcecode.swift; name = PlayLine.swift; path = Models/PlayLine.swift; sourceTree = "<group>"; };
		1A5376231D3AB8560036A891 /* LoadPlayTextController.swift */ = {isa = PBXFileReference; fileEncoding = 4; lastKnownFileType = sourcecode.swift; path = LoadPlayTextController.swift; sourceTree = "<group>"; };
		1A8089F31C5AC0B600ED9D7A /* Memespeare.app */ = {isa = PBXFileReference; explicitFileType = wrapper.application; includeInIndex = 0; path = Memespeare.app; sourceTree = BUILT_PRODUCTS_DIR; };
		1A8089F61C5AC0B600ED9D7A /* AppDelegate.swift */ = {isa = PBXFileReference; lastKnownFileType = sourcecode.swift; path = AppDelegate.swift; sourceTree = "<group>"; };
		1A8089F81C5AC0B600ED9D7A /* ViewController.swift */ = {isa = PBXFileReference; lastKnownFileType = sourcecode.swift; path = ViewController.swift; sourceTree = "<group>"; };
		1A8089FD1C5AC0B700ED9D7A /* Assets.xcassets */ = {isa = PBXFileReference; lastKnownFileType = folder.assetcatalog; path = Assets.xcassets; sourceTree = "<group>"; };
		1A808A001C5AC0B700ED9D7A /* Base */ = {isa = PBXFileReference; lastKnownFileType = file.storyboard; name = Base; path = Base.lproj/LaunchScreen.storyboard; sourceTree = "<group>"; };
		1A808A021C5AC0B700ED9D7A /* Info.plist */ = {isa = PBXFileReference; lastKnownFileType = text.plist.xml; path = Info.plist; sourceTree = "<group>"; };
		1AB92D821C6968E500F02C37 /* ImgFlipController.swift */ = {isa = PBXFileReference; fileEncoding = 4; lastKnownFileType = sourcecode.swift; path = ImgFlipController.swift; sourceTree = "<group>"; };
		1F5E210A9352A9B34A4DD07C /* Pods_Memespeare.framework */ = {isa = PBXFileReference; explicitFileType = wrapper.framework; includeInIndex = 0; path = Pods_Memespeare.framework; sourceTree = BUILT_PRODUCTS_DIR; };
		5B73A3D6F81CD40C5D1D4BCC /* Pods-Memespeare.release.xcconfig */ = {isa = PBXFileReference; includeInIndex = 1; lastKnownFileType = text.xcconfig; name = "Pods-Memespeare.release.xcconfig"; path = "Pods/Target Support Files/Pods-Memespeare/Pods-Memespeare.release.xcconfig"; sourceTree = "<group>"; };
		F39F709F112F4BD6AF47205C /* Pods-Memespeare.debug.xcconfig */ = {isa = PBXFileReference; includeInIndex = 1; lastKnownFileType = text.xcconfig; name = "Pods-Memespeare.debug.xcconfig"; path = "Pods/Target Support Files/Pods-Memespeare/Pods-Memespeare.debug.xcconfig"; sourceTree = "<group>"; };
/* End PBXFileReference section */

/* Begin PBXFrameworksBuildPhase section */
		1A8089F01C5AC0B600ED9D7A /* Frameworks */ = {
			isa = PBXFrameworksBuildPhase;
			buildActionMask = 2147483647;
			files = (
				0E2E17F16F314B9D59FB20BD /* Pods_Memespeare.framework in Frameworks */,
			);
			runOnlyForDeploymentPostprocessing = 0;
		};
/* End PBXFrameworksBuildPhase section */

/* Begin PBXGroup section */
		1A4B4A1A1D2823500034DD2D /* Models */ = {
			isa = PBXGroup;
			children = (
				1A4B4A1B1D2824A50034DD2D /* Cast.swift */,
				1A4B4A1D1D2828060034DD2D /* CastMember.swift */,
				1A5376211D3AB7350036A891 /* PlayLine.swift */,
			);
			name = Models;
			sourceTree = "<group>";
		};
		1A8089EA1C5AC0B600ED9D7A = {
			isa = PBXGroup;
			children = (
				1A8089F51C5AC0B600ED9D7A /* Memespeare */,
				1A8089F41C5AC0B600ED9D7A /* Products */,
				5EBAE325953A0F5CFF45DEBD /* Pods */,
				8F2DCCB7948D6153F141EBBA /* Frameworks */,
			);
			sourceTree = "<group>";
		};
		1A8089F41C5AC0B600ED9D7A /* Products */ = {
			isa = PBXGroup;
			children = (
				1A8089F31C5AC0B600ED9D7A /* Memespeare.app */,
			);
			name = Products;
			sourceTree = "<group>";
		};
		1A8089F51C5AC0B600ED9D7A /* Memespeare */ = {
			isa = PBXGroup;
			children = (
				1A4B4A1A1D2823500034DD2D /* Models */,
				1A8089F61C5AC0B600ED9D7A /* AppDelegate.swift */,
				1A8089F81C5AC0B600ED9D7A /* ViewController.swift */,
				1A8089FD1C5AC0B700ED9D7A /* Assets.xcassets */,
				1A8089FF1C5AC0B700ED9D7A /* LaunchScreen.storyboard */,
				1A808A021C5AC0B700ED9D7A /* Info.plist */,
				1AB92D821C6968E500F02C37 /* ImgFlipController.swift */,
				1A3B4C541D1EE37300170DA7 /* Main.storyboard */,
				1A53761F1D3A96300036A891 /* SwipePlayViewController.swift */,
				1A5376231D3AB8560036A891 /* LoadPlayTextController.swift */,
			);
			path = Memespeare;
			sourceTree = "<group>";
		};
		5EBAE325953A0F5CFF45DEBD /* Pods */ = {
			isa = PBXGroup;
			children = (
				F39F709F112F4BD6AF47205C /* Pods-Memespeare.debug.xcconfig */,
				5B73A3D6F81CD40C5D1D4BCC /* Pods-Memespeare.release.xcconfig */,
			);
			name = Pods;
			sourceTree = "<group>";
		};
		8F2DCCB7948D6153F141EBBA /* Frameworks */ = {
			isa = PBXGroup;
			children = (
				1F5E210A9352A9B34A4DD07C /* Pods_Memespeare.framework */,
			);
			name = Frameworks;
			sourceTree = "<group>";
		};
/* End PBXGroup section */

/* Begin PBXNativeTarget section */
		1A8089F21C5AC0B600ED9D7A /* Memespeare */ = {
			isa = PBXNativeTarget;
			buildConfigurationList = 1A808A051C5AC0B700ED9D7A /* Build configuration list for PBXNativeTarget "Memespeare" */;
			buildPhases = (
				9DFC91962EE365C38C2A4A9E /* [CP] Check Pods Manifest.lock */,
				1A8089EF1C5AC0B600ED9D7A /* Sources */,
				1A8089F01C5AC0B600ED9D7A /* Frameworks */,
				1A8089F11C5AC0B600ED9D7A /* Resources */,
				598901C59C31BF1C4C944A33 /* [CP] Embed Pods Frameworks */,
				66A21563683E08883D78E981 /* [CP] Copy Pods Resources */,
			);
			buildRules = (
			);
			dependencies = (
			);
			name = Memespeare;
			productName = Memespeare;
			productReference = 1A8089F31C5AC0B600ED9D7A /* Memespeare.app */;
			productType = "com.apple.product-type.application";
		};
/* End PBXNativeTarget section */

/* Begin PBXProject section */
		1A8089EB1C5AC0B600ED9D7A /* Project object */ = {
			isa = PBXProject;
			attributes = {
				LastSwiftUpdateCheck = 0720;
				LastUpgradeCheck = 0720;
				ORGANIZATIONNAME = "James Orzechowski";
				TargetAttributes = {
					1A8089F21C5AC0B600ED9D7A = {
						CreatedOnToolsVersion = 7.2;
					};
				};
			};
			buildConfigurationList = 1A8089EE1C5AC0B600ED9D7A /* Build configuration list for PBXProject "Memespeare" */;
			compatibilityVersion = "Xcode 3.2";
			developmentRegion = English;
			hasScannedForEncodings = 0;
			knownRegions = (
				en,
				Base,
			);
			mainGroup = 1A8089EA1C5AC0B600ED9D7A;
			productRefGroup = 1A8089F41C5AC0B600ED9D7A /* Products */;
			projectDirPath = "";
			projectRoot = "";
			targets = (
				1A8089F21C5AC0B600ED9D7A /* Memespeare */,
			);
		};
/* End PBXProject section */

/* Begin PBXResourcesBuildPhase section */
		1A8089F11C5AC0B600ED9D7A /* Resources */ = {
			isa = PBXResourcesBuildPhase;
			buildActionMask = 2147483647;
			files = (
				1A3B4C551D1EE37300170DA7 /* Main.storyboard in Resources */,
				1A808A011C5AC0B700ED9D7A /* LaunchScreen.storyboard in Resources */,
				1A8089FE1C5AC0B700ED9D7A /* Assets.xcassets in Resources */,
			);
			runOnlyForDeploymentPostprocessing = 0;
		};
/* End PBXResourcesBuildPhase section */

/* Begin PBXShellScriptBuildPhase section */
		598901C59C31BF1C4C944A33 /* [CP] Embed Pods Frameworks */ = {
			isa = PBXShellScriptBuildPhase;
			buildActionMask = 2147483647;
			files = (
			);
			inputPaths = (
			);
			name = "[CP] Embed Pods Frameworks";
			outputPaths = (
			);
			runOnlyForDeploymentPostprocessing = 0;
			shellPath = /bin/sh;
			shellScript = "\"${SRCROOT}/Pods/Target Support Files/Pods-Memespeare/Pods-Memespeare-frameworks.sh\"\n";
			showEnvVarsInLog = 0;
		};
		66A21563683E08883D78E981 /* [CP] Copy Pods Resources */ = {
			isa = PBXShellScriptBuildPhase;
			buildActionMask = 2147483647;
			files = (
			);
			inputPaths = (
			);
			name = "[CP] Copy Pods Resources";
			outputPaths = (
			);
			runOnlyForDeploymentPostprocessing = 0;
			shellPath = /bin/sh;
			shellScript = "\"${SRCROOT}/Pods/Target Support Files/Pods-Memespeare/Pods-Memespeare-resources.sh\"\n";
			showEnvVarsInLog = 0;
		};
		9DFC91962EE365C38C2A4A9E /* [CP] Check Pods Manifest.lock */ = {
			isa = PBXShellScriptBuildPhase;
			buildActionMask = 2147483647;
			files = (
			);
			inputPaths = (
			);
			name = "[CP] Check Pods Manifest.lock";
			outputPaths = (
			);
			runOnlyForDeploymentPostprocessing = 0;
			shellPath = /bin/sh;
			shellScript = "diff \"${PODS_ROOT}/../Podfile.lock\" \"${PODS_ROOT}/Manifest.lock\" > /dev/null\nif [[ $? != 0 ]] ; then\n    cat << EOM\nerror: The sandbox is not in sync with the Podfile.lock. Run 'pod install' or update your CocoaPods installation.\nEOM\n    exit 1\nfi\n";
			showEnvVarsInLog = 0;
		};
/* End PBXShellScriptBuildPhase section */

/* Begin PBXSourcesBuildPhase section */
		1A8089EF1C5AC0B600ED9D7A /* Sources */ = {
			isa = PBXSourcesBuildPhase;
			buildActionMask = 2147483647;
			files = (
				1A5376241D3AB8560036A891 /* LoadPlayTextController.swift in Sources */,
				1A4B4A1C1D2824A50034DD2D /* Cast.swift in Sources */,
				1A5376201D3A96300036A891 /* SwipePlayViewController.swift in Sources */,
				1A5376221D3AB7350036A891 /* PlayLine.swift in Sources */,
				1A8089F91C5AC0B600ED9D7A /* ViewController.swift in Sources */,
				1AB92D831C6968E500F02C37 /* ImgFlipController.swift in Sources */,
				1A4B4A1E1D2828060034DD2D /* CastMember.swift in Sources */,
				1A8089F71C5AC0B600ED9D7A /* AppDelegate.swift in Sources */,
			);
			runOnlyForDeploymentPostprocessing = 0;
		};
/* End PBXSourcesBuildPhase section */

/* Begin PBXVariantGroup section */
		1A8089FF1C5AC0B700ED9D7A /* LaunchScreen.storyboard */ = {
			isa = PBXVariantGroup;
			children = (
				1A808A001C5AC0B700ED9D7A /* Base */,
			);
			name = LaunchScreen.storyboard;
			sourceTree = "<group>";
		};
/* End PBXVariantGroup section */

/* Begin XCBuildConfiguration section */
		1A808A031C5AC0B700ED9D7A /* Debug */ = {
			isa = XCBuildConfiguration;
			buildSettings = {
				ALWAYS_SEARCH_USER_PATHS = NO;
				CLANG_CXX_LANGUAGE_STANDARD = "gnu++0x";
				CLANG_CXX_LIBRARY = "libc++";
				CLANG_ENABLE_MODULES = YES;
				CLANG_ENABLE_OBJC_ARC = YES;
				CLANG_WARN_BOOL_CONVERSION = YES;
				CLANG_WARN_CONSTANT_CONVERSION = YES;
				CLANG_WARN_DIRECT_OBJC_ISA_USAGE = YES_ERROR;
				CLANG_WARN_EMPTY_BODY = YES;
				CLANG_WARN_ENUM_CONVERSION = YES;
				CLANG_WARN_INT_CONVERSION = YES;
				CLANG_WARN_OBJC_ROOT_CLASS = YES_ERROR;
				CLANG_WARN_UNREACHABLE_CODE = YES;
				CLANG_WARN__DUPLICATE_METHOD_MATCH = YES;
				"CODE_SIGN_IDENTITY[sdk=iphoneos*]" = "iPhone Developer";
				COPY_PHASE_STRIP = NO;
				DEBUG_INFORMATION_FORMAT = dwarf;
				ENABLE_STRICT_OBJC_MSGSEND = YES;
				ENABLE_TESTABILITY = YES;
				GCC_C_LANGUAGE_STANDARD = gnu99;
				GCC_DYNAMIC_NO_PIC = NO;
				GCC_NO_COMMON_BLOCKS = YES;
				GCC_OPTIMIZATION_LEVEL = 0;
				GCC_PREPROCESSOR_DEFINITIONS = (
					"DEBUG=1",
					"$(inherited)",
				);
				GCC_WARN_64_TO_32_BIT_CONVERSION = YES;
				GCC_WARN_ABOUT_RETURN_TYPE = YES_ERROR;
				GCC_WARN_UNDECLARED_SELECTOR = YES;
				GCC_WARN_UNINITIALIZED_AUTOS = YES_AGGRESSIVE;
				GCC_WARN_UNUSED_FUNCTION = YES;
				GCC_WARN_UNUSED_VARIABLE = YES;
				IPHONEOS_DEPLOYMENT_TARGET = 9.2;
				MTL_ENABLE_DEBUG_INFO = YES;
				ONLY_ACTIVE_ARCH = YES;
				SDKROOT = iphoneos;
				SWIFT_OPTIMIZATION_LEVEL = "-Onone";
			};
			name = Debug;
		};
		1A808A041C5AC0B700ED9D7A /* Release */ = {
			isa = XCBuildConfiguration;
			buildSettings = {
				ALWAYS_SEARCH_USER_PATHS = NO;
				CLANG_CXX_LANGUAGE_STANDARD = "gnu++0x";
				CLANG_CXX_LIBRARY = "libc++";
				CLANG_ENABLE_MODULES = YES;
				CLANG_ENABLE_OBJC_ARC = YES;
				CLANG_WARN_BOOL_CONVERSION = YES;
				CLANG_WARN_CONSTANT_CONVERSION = YES;
				CLANG_WARN_DIRECT_OBJC_ISA_USAGE = YES_ERROR;
				CLANG_WARN_EMPTY_BODY = YES;
				CLANG_WARN_ENUM_CONVERSION = YES;
				CLANG_WARN_INT_CONVERSION = YES;
				CLANG_WARN_OBJC_ROOT_CLASS = YES_ERROR;
				CLANG_WARN_UNREACHABLE_CODE = YES;
				CLANG_WARN__DUPLICATE_METHOD_MATCH = YES;
				"CODE_SIGN_IDENTITY[sdk=iphoneos*]" = "iPhone Developer";
				COPY_PHASE_STRIP = NO;
				DEBUG_INFORMATION_FORMAT = "dwarf-with-dsym";
				ENABLE_NS_ASSERTIONS = NO;
				ENABLE_STRICT_OBJC_MSGSEND = YES;
				GCC_C_LANGUAGE_STANDARD = gnu99;
				GCC_NO_COMMON_BLOCKS = YES;
				GCC_WARN_64_TO_32_BIT_CONVERSION = YES;
				GCC_WARN_ABOUT_RETURN_TYPE = YES_ERROR;
				GCC_WARN_UNDECLARED_SELECTOR = YES;
				GCC_WARN_UNINITIALIZED_AUTOS = YES_AGGRESSIVE;
				GCC_WARN_UNUSED_FUNCTION = YES;
				GCC_WARN_UNUSED_VARIABLE = YES;
				IPHONEOS_DEPLOYMENT_TARGET = 9.2;
				MTL_ENABLE_DEBUG_INFO = NO;
				SDKROOT = iphoneos;
				VALIDATE_PRODUCT = YES;
			};
			name = Release;
		};
		1A808A061C5AC0B700ED9D7A /* Debug */ = {
			isa = XCBuildConfiguration;
			baseConfigurationReference = F39F709F112F4BD6AF47205C /* Pods-Memespeare.debug.xcconfig */;
			buildSettings = {
				ASSETCATALOG_COMPILER_APPICON_NAME = AppIcon;
				INFOPLIST_FILE = Memespeare/Info.plist;
				IPHONEOS_DEPLOYMENT_TARGET = 9.0;
				LD_RUNPATH_SEARCH_PATHS = "$(inherited) @executable_path/Frameworks";
				PRODUCT_BUNDLE_IDENTIFIER = edu.self.Memespeare;
				PRODUCT_NAME = "$(TARGET_NAME)";
			};
			name = Debug;
		};
		1A808A071C5AC0B700ED9D7A /* Release */ = {
			isa = XCBuildConfiguration;
			baseConfigurationReference = 5B73A3D6F81CD40C5D1D4BCC /* Pods-Memespeare.release.xcconfig */;
			buildSettings = {
				ASSETCATALOG_COMPILER_APPICON_NAME = AppIcon;
				INFOPLIST_FILE = Memespeare/Info.plist;
				IPHONEOS_DEPLOYMENT_TARGET = 9.0;
				LD_RUNPATH_SEARCH_PATHS = "$(inherited) @executable_path/Frameworks";
				PRODUCT_BUNDLE_IDENTIFIER = edu.self.Memespeare;
				PRODUCT_NAME = "$(TARGET_NAME)";
			};
			name = Release;
		};
/* End XCBuildConfiguration section */

/* Begin XCConfigurationList section */
		1A8089EE1C5AC0B600ED9D7A /* Build configuration list for PBXProject "Memespeare" */ = {
			isa = XCConfigurationList;
			buildConfigurations = (
				1A808A031C5AC0B700ED9D7A /* Debug */,
				1A808A041C5AC0B700ED9D7A /* Release */,
			);
			defaultConfigurationIsVisible = 0;
			defaultConfigurationName = Release;
		};
		1A808A051C5AC0B700ED9D7A /* Build configuration list for PBXNativeTarget "Memespeare" */ = {
			isa = XCConfigurationList;
			buildConfigurations = (
				1A808A061C5AC0B700ED9D7A /* Debug */,
				1A808A071C5AC0B700ED9D7A /* Release */,
			);
			defaultConfigurationIsVisible = 0;
			defaultConfigurationName = Release;
		};
/* End XCConfigurationList section */
	};
	rootObject = 1A8089EB1C5AC0B600ED9D7A /* Project object */;
}
